
Microsoft Visual Studio Solution File, Format Version 12.00
# Visual Studio 15
VisualStudioVersion = 15.0.28010.2016
MinimumVisualStudioVersion = 10.0.40219.1
Project("{FAE04EC0-301F-11D3-BF4B-00C04F79EFBC}") = "Calendar.Android", "Calendar\Calendar.Android\Calendar.Android.csproj", "{A247F2EB-4AEE-4C38-96B5-B6333C51090A}"
EndProject
Project("{FAE04EC0-301F-11D3-BF4B-00C04F79EFBC}") = "Calendar", "Calendar\Calendar\Calendar.csproj", "{6F1842BC-F895-4F30-BC83-DF7FA2B0CA2E}"
EndProject
Global
	GlobalSection(SolutionConfigurationPlatforms) = preSolution
		Debug|Any CPU = Debug|Any CPU
		Release|Any CPU = Release|Any CPU
	EndGlobalSection
	GlobalSection(ProjectConfigurationPlatforms) = postSolution
		{A247F2EB-4AEE-4C38-96B5-B6333C51090A}.Debug|Any CPU.ActiveCfg = Debug|Any CPU
		{A247F2EB-4AEE-4C38-96B5-B6333C51090A}.Debug|Any CPU.Build.0 = Debug|Any CPU
		{A247F2EB-4AEE-4C38-96B5-B6333C51090A}.Debug|Any CPU.Deploy.0 = Debug|Any CPU
		{A247F2EB-4AEE-4C38-96B5-B6333C51090A}.Release|Any CPU.ActiveCfg = Release|Any CPU
		{A247F2EB-4AEE-4C38-96B5-B6333C51090A}.Release|Any CPU.Build.0 = Release|Any CPU
		{A247F2EB-4AEE-4C38-96B5-B6333C51090A}.Release|Any CPU.Deploy.0 = Release|Any CPU
		{6F1842BC-F895-4F30-BC83-DF7FA2B0CA2E}.Debug|Any CPU.ActiveCfg = Debug|Any CPU
		{6F1842BC-F895-4F30-BC83-DF7FA2B0CA2E}.Debug|Any CPU.Build.0 = Debug|Any CPU
		{6F1842BC-F895-4F30-BC83-DF7FA2B0CA2E}.Debug|Any CPU.Deploy.0 = Debug|Any CPU
		{6F1842BC-F895-4F30-BC83-DF7FA2B0CA2E}.Release|Any CPU.ActiveCfg = Release|Any CPU
		{6F1842BC-F895-4F30-BC83-DF7FA2B0CA2E}.Release|Any CPU.Build.0 = Release|Any CPU
		{6F1842BC-F895-4F30-BC83-DF7FA2B0CA2E}.Release|Any CPU.Deploy.0 = Release|Any CPU
	EndGlobalSection
	GlobalSection(SolutionProperties) = preSolution
		HideSolutionNode = FALSE
	EndGlobalSection
	GlobalSection(ExtensibilityGlobals) = postSolution
		SolutionGuid = {25F46688-E0A0-40A1-BBD8-C086F26CDFE8}
	EndGlobalSection
EndGlobal
